
Microsoft Visual Studio Solution File, Format Version 12.00
# Visual Studio Version 17
VisualStudioVersion = 17.13.35931.197
MinimumVisualStudioVersion = 10.0.40219.1
Project("{FAE04EC0-301F-11D3-BF4B-00C04F79EFBC}") = "FirstDegreeSolve", "FirstDegreeSolve\FirstDegreeSolve.csproj", "{4B1926BC-0F14-4FD4-8D83-5B2539E5756E}"
EndProject
Project("{FAE04EC0-301F-11D3-BF4B-00C04F79EFBC}") = "Bai2", "Bai2\Bai2.csproj", "{1C8F1F6D-7952-4271-A693-D1A17B30618E}"
EndProject
Project("{FAE04EC0-301F-11D3-BF4B-00C04F79EFBC}") = "FullStructProject", "FullStructProject\FullStructProject.csproj", "{A1E34C5C-659C-4D00-B260-73854394A581}"
EndProject
Project("{FAE04EC0-301F-11D3-BF4B-00C04F79EFBC}") = "VarAndDynamic", "VarAndDynamic\VarAndDynamic.csproj", "{81E054E4-5C2D-49DE-BCCE-F7069CDD0E9E}"
EndProject
Project("{FAE04EC0-301F-11D3-BF4B-00C04F79EFBC}") = "QuadraticSolution", "QuadraticSolution\QuadraticSolution.csproj", "{F51A2FD3-4860-4E10-A72D-098A33ACF41B}"
EndProject
Project("{FAE04EC0-301F-11D3-BF4B-00C04F79EFBC}") = "StringInteraction", "StringInteraction\StringInteraction.csproj", "{9EB7F86C-320D-45C5-AF83-3ECF2221F5D6}"
EndProject
Project("{FAE04EC0-301F-11D3-BF4B-00C04F79EFBC}") = "callByReference", "callByReference\callByReference.csproj", "{14C1CB81-6C82-426F-B092-EA266E54E027}"
EndProject
Project("{FAE04EC0-301F-11D3-BF4B-00C04F79EFBC}") = "TryParseLoop", "TryParseLoop\TryParseLoop.csproj", "{5D7F80D6-54E2-4284-B4E8-4BF6796F3147}"
EndProject
Project("{FAE04EC0-301F-11D3-BF4B-00C04F79EFBC}") = "paramForArray", "paramForArray\paramForArray.csproj", "{6334AF8D-143B-4A0B-A86D-50AFC1749A58}"
EndProject
Project("{FAE04EC0-301F-11D3-BF4B-00C04F79EFBC}") = "staticAndNonStatic", "staticAndNonStatic\staticAndNonStatic.csproj", "{5894CF46-AB54-4C8E-86E4-9059CF09E7D1}"
EndProject
Project("{FAE04EC0-301F-11D3-BF4B-00C04F79EFBC}") = "Tuple", "TruyenMang\Tuple.csproj", "{D0515D0C-B59B-4738-852F-0D2461158A3B}"
EndProject
Project("{FAE04EC0-301F-11D3-BF4B-00C04F79EFBC}") = "ArraySort", "ArraySort\ArraySort.csproj", "{4969BFED-7F4E-49D4-941D-0D3828BFA573}"
EndProject
Project("{FAE04EC0-301F-11D3-BF4B-00C04F79EFBC}") = "NestedLoop", "NestedLoop\NestedLoop.csproj", "{342FABBA-C677-469E-94C1-ED573C4DE9E5}"
EndProject
Project("{FAE04EC0-301F-11D3-BF4B-00C04F79EFBC}") = "OOP", "OOP\OOP.csproj", "{A4EA993E-FFB6-4BDC-AB36-AAA23767D211}"
EndProject
Project("{FAE04EC0-301F-11D3-BF4B-00C04F79EFBC}") = "OOP2", "OOP2\OOP2.csproj", "{10746E5F-1C61-449D-9E19-4CB897CCB0AC}"
EndProject
Project("{FAE04EC0-301F-11D3-BF4B-00C04F79EFBC}") = "OOP3_ExtensionMethod", "OOP3_ExtensionMethod\OOP3_ExtensionMethod.csproj", "{C830AB43-DEB5-443D-BFA3-7A2650CF25EB}"
EndProject
Project("{FAE04EC0-301F-11D3-BF4B-00C04F79EFBC}") = "OOP2_Reuse", "OOP2_Reuse\OOP2_Reuse.csproj", "{65FBDD98-AAFB-42D3-868C-76D336AD1187}"
EndProject
Project("{FAE04EC0-301F-11D3-BF4B-00C04F79EFBC}") = "OOP4_Generic_Collection", "OOP4_Generic_Collection\OOP4_Generic_Collection.csproj", "{649A9272-AF23-4A6B-BD8D-84ECF338955E}"
EndProject
Project("{FAE04EC0-301F-11D3-BF4B-00C04F79EFBC}") = "OOP5_Dictionary", "OOP5_Dictionary\OOP5_Dictionary.csproj", "{C8DAE507-A334-4994-81A2-B69D8BC5E449}"
EndProject
Project("{2150E333-8FDC-42A3-9474-1A3956D46DE8}") = "Chapter5", "Chapter5", "{02EA681E-C7D8-13C7-8484-4AC65E1B71E8}"
EndProject
Project("{FAE04EC0-301F-11D3-BF4B-00C04F79EFBC}") = "BuilderPattern", "..\PRN212\Chapter5\BuilderPattern\BuilderPattern.csproj", "{059F6F0B-153E-7B7C-61C1-22D21B85057C}"
EndProject
Project("{FAE04EC0-301F-11D3-BF4B-00C04F79EFBC}") = "FactoriesPattern", "..\PRN212\Chapter5\FactoriesPattern\FactoriesPattern.csproj", "{FC4CC4DA-4692-A178-9248-AFCE96028704}"
EndProject
Project("{FAE04EC0-301F-11D3-BF4B-00C04F79EFBC}") = "ObserverPattern", "..\PRN212\Chapter5\ObserverPattern\ObserverPattern.csproj", "{CF9C2AD6-CB89-5E51-7CD2-7AC7C304F941}"
EndProject
Project("{FAE04EC0-301F-11D3-BF4B-00C04F79EFBC}") = "PrototypePattern", "..\PRN212\Chapter5\PrototypePattern\PrototypePattern.csproj", "{341F8A56-E8ED-8972-0601-E1D1C1A3F4BC}"
EndProject
Project("{FAE04EC0-301F-11D3-BF4B-00C04F79EFBC}") = "SingletonPattern", "..\PRN212\Chapter5\SingletonPattern\SingletonPattern.csproj", "{C583445B-2C36-D1B3-6BEB-7029D2CA5A77}"
EndProject
Project("{FAE04EC0-301F-11D3-BF4B-00C04F79EFBC}") = "DemoAlasAndClone", "DemoAlasAndClone\DemoAlasAndClone.csproj", "{72A07163-2CB7-48AB-9828-460D2766DF68}"
EndProject
Project("{2150E333-8FDC-42A3-9474-1A3956D46DE8}") = "Chapter 6", "Chapter 6", "{3DA15FF3-3FE2-4E65-8502-688F453EFFB8}"
EndProject
Project("{FAE04EC0-301F-11D3-BF4B-00C04F79EFBC}") = "DelegateDemo", "DelegateDemo\DelegateDemo.csproj", "{14BD83C7-6981-4FAF-9A4F-3221C2EC0A9A}"
EndProject
Project("{FAE04EC0-301F-11D3-BF4B-00C04F79EFBC}") = "LinQDemo", "LinQDemo\LinQDemo.csproj", "{278EBD6C-2F61-4C7D-9BCE-51CC0274AA41}"
EndProject
Project("{FAE04EC0-301F-11D3-BF4B-00C04F79EFBC}") = "LinQDemoObject2", "LinQDemoObject2\LinQDemoObject2.csproj", "{E6B4716A-56A2-4127-B18B-86D81FDE04D1}"
EndProject
Project("{FAE04EC0-301F-11D3-BF4B-00C04F79EFBC}") = "DemoLinQSQL", "DemoLinQSQL\DemoLinQSQL.csproj", "{19AE029A-3F4B-4055-8268-02FC546D5103}"
EndProject
Project("{2150E333-8FDC-42A3-9474-1A3956D46DE8}") = "Chap1-4", "Chap1-4", "{F37AACBD-4B9F-4A2A-AE2C-A0D47AC7AC61}"
EndProject
Project("{FAE04EC0-301F-11D3-BF4B-00C04F79EFBC}") = "Lucy_SaleManagement", "Lucy_SaleManagement\Lucy_SaleManagement.csproj", "{A04500EA-6776-4DF5-9DD5-1B2DB5BCCDD5}"
EndProject
Project("{2150E333-8FDC-42A3-9474-1A3956D46DE8}") = "Chapter7", "Chapter7", "{DE6F1039-05FA-4F6D-9E9F-410FBB9E9FA4}"
EndProject
Project("{FAE04EC0-301F-11D3-BF4B-00C04F79EFBC}") = "HelloWPF", "HelloWPF\HelloWPF.csproj", "{53D8E105-09D3-4B6F-83ED-7566E0D24319}"
EndProject
Project("{FAE04EC0-301F-11D3-BF4B-00C04F79EFBC}") = "BaiTap1", "BaiTap1\BaiTap1.csproj", "{F0779DCA-29B4-4799-BF4F-8C5FEF2A9A9A}"
EndProject
Project("{FAE04EC0-301F-11D3-BF4B-00C04F79EFBC}") = "Ex2", "Ex2\Ex2.csproj", "{C9A4748E-DAAD-41C7-AFF1-4057578CAE5B}"
EndProject
Project("{FAE04EC0-301F-11D3-BF4B-00C04F79EFBC}") = "Ex3", "Ex3\Ex3.csproj", "{1B88D583-1F64-4365-A96C-DF19EA4BB026}"
EndProject
Global
	GlobalSection(SolutionConfigurationPlatforms) = preSolution
		Debug|Any CPU = Debug|Any CPU
		Release|Any CPU = Release|Any CPU
	EndGlobalSection
	GlobalSection(ProjectConfigurationPlatforms) = postSolution
		{4B1926BC-0F14-4FD4-8D83-5B2539E5756E}.Debug|Any CPU.ActiveCfg = Debug|Any CPU
		{4B1926BC-0F14-4FD4-8D83-5B2539E5756E}.Debug|Any CPU.Build.0 = Debug|Any CPU
		{4B1926BC-0F14-4FD4-8D83-5B2539E5756E}.Release|Any CPU.ActiveCfg = Release|Any CPU
		{4B1926BC-0F14-4FD4-8D83-5B2539E5756E}.Release|Any CPU.Build.0 = Release|Any CPU
		{1C8F1F6D-7952-4271-A693-D1A17B30618E}.Debug|Any CPU.ActiveCfg = Debug|Any CPU
		{1C8F1F6D-7952-4271-A693-D1A17B30618E}.Debug|Any CPU.Build.0 = Debug|Any CPU
		{1C8F1F6D-7952-4271-A693-D1A17B30618E}.Release|Any CPU.ActiveCfg = Release|Any CPU
		{1C8F1F6D-7952-4271-A693-D1A17B30618E}.Release|Any CPU.Build.0 = Release|Any CPU
		{A1E34C5C-659C-4D00-B260-73854394A581}.Debug|Any CPU.ActiveCfg = Debug|Any CPU
		{A1E34C5C-659C-4D00-B260-73854394A581}.Debug|Any CPU.Build.0 = Debug|Any CPU
		{A1E34C5C-659C-4D00-B260-73854394A581}.Release|Any CPU.ActiveCfg = Release|Any CPU
		{A1E34C5C-659C-4D00-B260-73854394A581}.Release|Any CPU.Build.0 = Release|Any CPU
		{81E054E4-5C2D-49DE-BCCE-F7069CDD0E9E}.Debug|Any CPU.ActiveCfg = Debug|Any CPU
		{81E054E4-5C2D-49DE-BCCE-F7069CDD0E9E}.Debug|Any CPU.Build.0 = Debug|Any CPU
		{81E054E4-5C2D-49DE-BCCE-F7069CDD0E9E}.Release|Any CPU.ActiveCfg = Release|Any CPU
		{81E054E4-5C2D-49DE-BCCE-F7069CDD0E9E}.Release|Any CPU.Build.0 = Release|Any CPU
		{F51A2FD3-4860-4E10-A72D-098A33ACF41B}.Debug|Any CPU.ActiveCfg = Debug|Any CPU
		{F51A2FD3-4860-4E10-A72D-098A33ACF41B}.Debug|Any CPU.Build.0 = Debug|Any CPU
		{F51A2FD3-4860-4E10-A72D-098A33ACF41B}.Release|Any CPU.ActiveCfg = Release|Any CPU
		{F51A2FD3-4860-4E10-A72D-098A33ACF41B}.Release|Any CPU.Build.0 = Release|Any CPU
		{9EB7F86C-320D-45C5-AF83-3ECF2221F5D6}.Debug|Any CPU.ActiveCfg = Debug|Any CPU
		{9EB7F86C-320D-45C5-AF83-3ECF2221F5D6}.Debug|Any CPU.Build.0 = Debug|Any CPU
		{9EB7F86C-320D-45C5-AF83-3ECF2221F5D6}.Release|Any CPU.ActiveCfg = Release|Any CPU
		{9EB7F86C-320D-45C5-AF83-3ECF2221F5D6}.Release|Any CPU.Build.0 = Release|Any CPU
		{14C1CB81-6C82-426F-B092-EA266E54E027}.Debug|Any CPU.ActiveCfg = Debug|Any CPU
		{14C1CB81-6C82-426F-B092-EA266E54E027}.Debug|Any CPU.Build.0 = Debug|Any CPU
		{14C1CB81-6C82-426F-B092-EA266E54E027}.Release|Any CPU.ActiveCfg = Release|Any CPU
		{14C1CB81-6C82-426F-B092-EA266E54E027}.Release|Any CPU.Build.0 = Release|Any CPU
		{5D7F80D6-54E2-4284-B4E8-4BF6796F3147}.Debug|Any CPU.ActiveCfg = Debug|Any CPU
		{5D7F80D6-54E2-4284-B4E8-4BF6796F3147}.Debug|Any CPU.Build.0 = Debug|Any CPU
		{5D7F80D6-54E2-4284-B4E8-4BF6796F3147}.Release|Any CPU.ActiveCfg = Release|Any CPU
		{5D7F80D6-54E2-4284-B4E8-4BF6796F3147}.Release|Any CPU.Build.0 = Release|Any CPU
		{6334AF8D-143B-4A0B-A86D-50AFC1749A58}.Debug|Any CPU.ActiveCfg = Debug|Any CPU
		{6334AF8D-143B-4A0B-A86D-50AFC1749A58}.Debug|Any CPU.Build.0 = Debug|Any CPU
		{6334AF8D-143B-4A0B-A86D-50AFC1749A58}.Release|Any CPU.ActiveCfg = Release|Any CPU
		{6334AF8D-143B-4A0B-A86D-50AFC1749A58}.Release|Any CPU.Build.0 = Release|Any CPU
		{5894CF46-AB54-4C8E-86E4-9059CF09E7D1}.Debug|Any CPU.ActiveCfg = Debug|Any CPU
		{5894CF46-AB54-4C8E-86E4-9059CF09E7D1}.Debug|Any CPU.Build.0 = Debug|Any CPU
		{5894CF46-AB54-4C8E-86E4-9059CF09E7D1}.Release|Any CPU.ActiveCfg = Release|Any CPU
		{5894CF46-AB54-4C8E-86E4-9059CF09E7D1}.Release|Any CPU.Build.0 = Release|Any CPU
		{D0515D0C-B59B-4738-852F-0D2461158A3B}.Debug|Any CPU.ActiveCfg = Debug|Any CPU
		{D0515D0C-B59B-4738-852F-0D2461158A3B}.Debug|Any CPU.Build.0 = Debug|Any CPU
		{D0515D0C-B59B-4738-852F-0D2461158A3B}.Release|Any CPU.ActiveCfg = Release|Any CPU
		{D0515D0C-B59B-4738-852F-0D2461158A3B}.Release|Any CPU.Build.0 = Release|Any CPU
		{4969BFED-7F4E-49D4-941D-0D3828BFA573}.Debug|Any CPU.ActiveCfg = Debug|Any CPU
		{4969BFED-7F4E-49D4-941D-0D3828BFA573}.Debug|Any CPU.Build.0 = Debug|Any CPU
		{4969BFED-7F4E-49D4-941D-0D3828BFA573}.Release|Any CPU.ActiveCfg = Release|Any CPU
		{4969BFED-7F4E-49D4-941D-0D3828BFA573}.Release|Any CPU.Build.0 = Release|Any CPU
		{342FABBA-C677-469E-94C1-ED573C4DE9E5}.Debug|Any CPU.ActiveCfg = Debug|Any CPU
		{342FABBA-C677-469E-94C1-ED573C4DE9E5}.Debug|Any CPU.Build.0 = Debug|Any CPU
		{342FABBA-C677-469E-94C1-ED573C4DE9E5}.Release|Any CPU.ActiveCfg = Release|Any CPU
		{342FABBA-C677-469E-94C1-ED573C4DE9E5}.Release|Any CPU.Build.0 = Release|Any CPU
		{A4EA993E-FFB6-4BDC-AB36-AAA23767D211}.Debug|Any CPU.ActiveCfg = Debug|Any CPU
		{A4EA993E-FFB6-4BDC-AB36-AAA23767D211}.Debug|Any CPU.Build.0 = Debug|Any CPU
		{A4EA993E-FFB6-4BDC-AB36-AAA23767D211}.Release|Any CPU.ActiveCfg = Release|Any CPU
		{A4EA993E-FFB6-4BDC-AB36-AAA23767D211}.Release|Any CPU.Build.0 = Release|Any CPU
		{10746E5F-1C61-449D-9E19-4CB897CCB0AC}.Debug|Any CPU.ActiveCfg = Debug|Any CPU
		{10746E5F-1C61-449D-9E19-4CB897CCB0AC}.Debug|Any CPU.Build.0 = Debug|Any CPU
		{10746E5F-1C61-449D-9E19-4CB897CCB0AC}.Release|Any CPU.ActiveCfg = Release|Any CPU
		{10746E5F-1C61-449D-9E19-4CB897CCB0AC}.Release|Any CPU.Build.0 = Release|Any CPU
		{C830AB43-DEB5-443D-BFA3-7A2650CF25EB}.Debug|Any CPU.ActiveCfg = Debug|Any CPU
		{C830AB43-DEB5-443D-BFA3-7A2650CF25EB}.Debug|Any CPU.Build.0 = Debug|Any CPU
		{C830AB43-DEB5-443D-BFA3-7A2650CF25EB}.Release|Any CPU.ActiveCfg = Release|Any CPU
		{C830AB43-DEB5-443D-BFA3-7A2650CF25EB}.Release|Any CPU.Build.0 = Release|Any CPU
		{65FBDD98-AAFB-42D3-868C-76D336AD1187}.Debug|Any CPU.ActiveCfg = Debug|Any CPU
		{65FBDD98-AAFB-42D3-868C-76D336AD1187}.Debug|Any CPU.Build.0 = Debug|Any CPU
		{65FBDD98-AAFB-42D3-868C-76D336AD1187}.Release|Any CPU.ActiveCfg = Release|Any CPU
		{65FBDD98-AAFB-42D3-868C-76D336AD1187}.Release|Any CPU.Build.0 = Release|Any CPU
		{649A9272-AF23-4A6B-BD8D-84ECF338955E}.Debug|Any CPU.ActiveCfg = Debug|Any CPU
		{649A9272-AF23-4A6B-BD8D-84ECF338955E}.Debug|Any CPU.Build.0 = Debug|Any CPU
		{649A9272-AF23-4A6B-BD8D-84ECF338955E}.Release|Any CPU.ActiveCfg = Release|Any CPU
		{649A9272-AF23-4A6B-BD8D-84ECF338955E}.Release|Any CPU.Build.0 = Release|Any CPU
		{C8DAE507-A334-4994-81A2-B69D8BC5E449}.Debug|Any CPU.ActiveCfg = Debug|Any CPU
		{C8DAE507-A334-4994-81A2-B69D8BC5E449}.Debug|Any CPU.Build.0 = Debug|Any CPU
		{C8DAE507-A334-4994-81A2-B69D8BC5E449}.Release|Any CPU.ActiveCfg = Release|Any CPU
		{C8DAE507-A334-4994-81A2-B69D8BC5E449}.Release|Any CPU.Build.0 = Release|Any CPU
		{059F6F0B-153E-7B7C-61C1-22D21B85057C}.Debug|Any CPU.ActiveCfg = Debug|Any CPU
		{059F6F0B-153E-7B7C-61C1-22D21B85057C}.Debug|Any CPU.Build.0 = Debug|Any CPU
		{059F6F0B-153E-7B7C-61C1-22D21B85057C}.Release|Any CPU.ActiveCfg = Release|Any CPU
		{059F6F0B-153E-7B7C-61C1-22D21B85057C}.Release|Any CPU.Build.0 = Release|Any CPU
		{FC4CC4DA-4692-A178-9248-AFCE96028704}.Debug|Any CPU.ActiveCfg = Debug|Any CPU
		{FC4CC4DA-4692-A178-9248-AFCE96028704}.Debug|Any CPU.Build.0 = Debug|Any CPU
		{FC4CC4DA-4692-A178-9248-AFCE96028704}.Release|Any CPU.ActiveCfg = Release|Any CPU
		{FC4CC4DA-4692-A178-9248-AFCE96028704}.Release|Any CPU.Build.0 = Release|Any CPU
		{CF9C2AD6-CB89-5E51-7CD2-7AC7C304F941}.Debug|Any CPU.ActiveCfg = Debug|Any CPU
		{CF9C2AD6-CB89-5E51-7CD2-7AC7C304F941}.Debug|Any CPU.Build.0 = Debug|Any CPU
		{CF9C2AD6-CB89-5E51-7CD2-7AC7C304F941}.Release|Any CPU.ActiveCfg = Release|Any CPU
		{CF9C2AD6-CB89-5E51-7CD2-7AC7C304F941}.Release|Any CPU.Build.0 = Release|Any CPU
		{341F8A56-E8ED-8972-0601-E1D1C1A3F4BC}.Debug|Any CPU.ActiveCfg = Debug|Any CPU
		{341F8A56-E8ED-8972-0601-E1D1C1A3F4BC}.Debug|Any CPU.Build.0 = Debug|Any CPU
		{341F8A56-E8ED-8972-0601-E1D1C1A3F4BC}.Release|Any CPU.ActiveCfg = Release|Any CPU
		{341F8A56-E8ED-8972-0601-E1D1C1A3F4BC}.Release|Any CPU.Build.0 = Release|Any CPU
		{C583445B-2C36-D1B3-6BEB-7029D2CA5A77}.Debug|Any CPU.ActiveCfg = Debug|Any CPU
		{C583445B-2C36-D1B3-6BEB-7029D2CA5A77}.Debug|Any CPU.Build.0 = Debug|Any CPU
		{C583445B-2C36-D1B3-6BEB-7029D2CA5A77}.Release|Any CPU.ActiveCfg = Release|Any CPU
		{C583445B-2C36-D1B3-6BEB-7029D2CA5A77}.Release|Any CPU.Build.0 = Release|Any CPU
		{72A07163-2CB7-48AB-9828-460D2766DF68}.Debug|Any CPU.ActiveCfg = Debug|Any CPU
		{72A07163-2CB7-48AB-9828-460D2766DF68}.Debug|Any CPU.Build.0 = Debug|Any CPU
		{72A07163-2CB7-48AB-9828-460D2766DF68}.Release|Any CPU.ActiveCfg = Release|Any CPU
		{72A07163-2CB7-48AB-9828-460D2766DF68}.Release|Any CPU.Build.0 = Release|Any CPU
		{14BD83C7-6981-4FAF-9A4F-3221C2EC0A9A}.Debug|Any CPU.ActiveCfg = Debug|Any CPU
		{14BD83C7-6981-4FAF-9A4F-3221C2EC0A9A}.Debug|Any CPU.Build.0 = Debug|Any CPU
		{14BD83C7-6981-4FAF-9A4F-3221C2EC0A9A}.Release|Any CPU.ActiveCfg = Release|Any CPU
		{14BD83C7-6981-4FAF-9A4F-3221C2EC0A9A}.Release|Any CPU.Build.0 = Release|Any CPU
		{278EBD6C-2F61-4C7D-9BCE-51CC0274AA41}.Debug|Any CPU.ActiveCfg = Debug|Any CPU
		{278EBD6C-2F61-4C7D-9BCE-51CC0274AA41}.Debug|Any CPU.Build.0 = Debug|Any CPU
		{278EBD6C-2F61-4C7D-9BCE-51CC0274AA41}.Release|Any CPU.ActiveCfg = Release|Any CPU
		{278EBD6C-2F61-4C7D-9BCE-51CC0274AA41}.Release|Any CPU.Build.0 = Release|Any CPU
		{E6B4716A-56A2-4127-B18B-86D81FDE04D1}.Debug|Any CPU.ActiveCfg = Debug|Any CPU
		{E6B4716A-56A2-4127-B18B-86D81FDE04D1}.Debug|Any CPU.Build.0 = Debug|Any CPU
		{E6B4716A-56A2-4127-B18B-86D81FDE04D1}.Release|Any CPU.ActiveCfg = Release|Any CPU
		{E6B4716A-56A2-4127-B18B-86D81FDE04D1}.Release|Any CPU.Build.0 = Release|Any CPU
		{19AE029A-3F4B-4055-8268-02FC546D5103}.Debug|Any CPU.ActiveCfg = Debug|Any CPU
		{19AE029A-3F4B-4055-8268-02FC546D5103}.Debug|Any CPU.Build.0 = Debug|Any CPU
		{19AE029A-3F4B-4055-8268-02FC546D5103}.Release|Any CPU.ActiveCfg = Release|Any CPU
		{19AE029A-3F4B-4055-8268-02FC546D5103}.Release|Any CPU.Build.0 = Release|Any CPU
		{A04500EA-6776-4DF5-9DD5-1B2DB5BCCDD5}.Debug|Any CPU.ActiveCfg = Debug|Any CPU
		{A04500EA-6776-4DF5-9DD5-1B2DB5BCCDD5}.Debug|Any CPU.Build.0 = Debug|Any CPU
		{A04500EA-6776-4DF5-9DD5-1B2DB5BCCDD5}.Release|Any CPU.ActiveCfg = Release|Any CPU
		{A04500EA-6776-4DF5-9DD5-1B2DB5BCCDD5}.Release|Any CPU.Build.0 = Release|Any CPU
		{53D8E105-09D3-4B6F-83ED-7566E0D24319}.Debug|Any CPU.ActiveCfg = Debug|Any CPU
		{53D8E105-09D3-4B6F-83ED-7566E0D24319}.Debug|Any CPU.Build.0 = Debug|Any CPU
		{53D8E105-09D3-4B6F-83ED-7566E0D24319}.Release|Any CPU.ActiveCfg = Release|Any CPU
		{53D8E105-09D3-4B6F-83ED-7566E0D24319}.Release|Any CPU.Build.0 = Release|Any CPU
		{F0779DCA-29B4-4799-BF4F-8C5FEF2A9A9A}.Debug|Any CPU.ActiveCfg = Debug|Any CPU
		{F0779DCA-29B4-4799-BF4F-8C5FEF2A9A9A}.Debug|Any CPU.Build.0 = Debug|Any CPU
		{F0779DCA-29B4-4799-BF4F-8C5FEF2A9A9A}.Release|Any CPU.ActiveCfg = Release|Any CPU
		{F0779DCA-29B4-4799-BF4F-8C5FEF2A9A9A}.Release|Any CPU.Build.0 = Release|Any CPU
		{C9A4748E-DAAD-41C7-AFF1-4057578CAE5B}.Debug|Any CPU.ActiveCfg = Debug|Any CPU
		{C9A4748E-DAAD-41C7-AFF1-4057578CAE5B}.Debug|Any CPU.Build.0 = Debug|Any CPU
		{C9A4748E-DAAD-41C7-AFF1-4057578CAE5B}.Release|Any CPU.ActiveCfg = Release|Any CPU
		{C9A4748E-DAAD-41C7-AFF1-4057578CAE5B}.Release|Any CPU.Build.0 = Release|Any CPU
		{1B88D583-1F64-4365-A96C-DF19EA4BB026}.Debug|Any CPU.ActiveCfg = Debug|Any CPU
		{1B88D583-1F64-4365-A96C-DF19EA4BB026}.Debug|Any CPU.Build.0 = Debug|Any CPU
		{1B88D583-1F64-4365-A96C-DF19EA4BB026}.Release|Any CPU.ActiveCfg = Release|Any CPU
		{1B88D583-1F64-4365-A96C-DF19EA4BB026}.Release|Any CPU.Build.0 = Release|Any CPU
	EndGlobalSection
	GlobalSection(SolutionProperties) = preSolution
		HideSolutionNode = FALSE
	EndGlobalSection
	GlobalSection(NestedProjects) = preSolution
		{4B1926BC-0F14-4FD4-8D83-5B2539E5756E} = {F37AACBD-4B9F-4A2A-AE2C-A0D47AC7AC61}
		{1C8F1F6D-7952-4271-A693-D1A17B30618E} = {F37AACBD-4B9F-4A2A-AE2C-A0D47AC7AC61}
		{A1E34C5C-659C-4D00-B260-73854394A581} = {F37AACBD-4B9F-4A2A-AE2C-A0D47AC7AC61}
		{81E054E4-5C2D-49DE-BCCE-F7069CDD0E9E} = {F37AACBD-4B9F-4A2A-AE2C-A0D47AC7AC61}
		{F51A2FD3-4860-4E10-A72D-098A33ACF41B} = {F37AACBD-4B9F-4A2A-AE2C-A0D47AC7AC61}
		{9EB7F86C-320D-45C5-AF83-3ECF2221F5D6} = {F37AACBD-4B9F-4A2A-AE2C-A0D47AC7AC61}
		{14C1CB81-6C82-426F-B092-EA266E54E027} = {F37AACBD-4B9F-4A2A-AE2C-A0D47AC7AC61}
		{5D7F80D6-54E2-4284-B4E8-4BF6796F3147} = {F37AACBD-4B9F-4A2A-AE2C-A0D47AC7AC61}
		{6334AF8D-143B-4A0B-A86D-50AFC1749A58} = {F37AACBD-4B9F-4A2A-AE2C-A0D47AC7AC61}
		{5894CF46-AB54-4C8E-86E4-9059CF09E7D1} = {F37AACBD-4B9F-4A2A-AE2C-A0D47AC7AC61}
		{D0515D0C-B59B-4738-852F-0D2461158A3B} = {F37AACBD-4B9F-4A2A-AE2C-A0D47AC7AC61}
		{4969BFED-7F4E-49D4-941D-0D3828BFA573} = {F37AACBD-4B9F-4A2A-AE2C-A0D47AC7AC61}
		{342FABBA-C677-469E-94C1-ED573C4DE9E5} = {F37AACBD-4B9F-4A2A-AE2C-A0D47AC7AC61}
		{A4EA993E-FFB6-4BDC-AB36-AAA23767D211} = {F37AACBD-4B9F-4A2A-AE2C-A0D47AC7AC61}
		{10746E5F-1C61-449D-9E19-4CB897CCB0AC} = {F37AACBD-4B9F-4A2A-AE2C-A0D47AC7AC61}
		{C830AB43-DEB5-443D-BFA3-7A2650CF25EB} = {F37AACBD-4B9F-4A2A-AE2C-A0D47AC7AC61}
		{65FBDD98-AAFB-42D3-868C-76D336AD1187} = {F37AACBD-4B9F-4A2A-AE2C-A0D47AC7AC61}
		{649A9272-AF23-4A6B-BD8D-84ECF338955E} = {F37AACBD-4B9F-4A2A-AE2C-A0D47AC7AC61}
		{C8DAE507-A334-4994-81A2-B69D8BC5E449} = {F37AACBD-4B9F-4A2A-AE2C-A0D47AC7AC61}
		{059F6F0B-153E-7B7C-61C1-22D21B85057C} = {02EA681E-C7D8-13C7-8484-4AC65E1B71E8}
		{FC4CC4DA-4692-A178-9248-AFCE96028704} = {02EA681E-C7D8-13C7-8484-4AC65E1B71E8}
		{CF9C2AD6-CB89-5E51-7CD2-7AC7C304F941} = {02EA681E-C7D8-13C7-8484-4AC65E1B71E8}
		{341F8A56-E8ED-8972-0601-E1D1C1A3F4BC} = {02EA681E-C7D8-13C7-8484-4AC65E1B71E8}
		{C583445B-2C36-D1B3-6BEB-7029D2CA5A77} = {02EA681E-C7D8-13C7-8484-4AC65E1B71E8}
		{72A07163-2CB7-48AB-9828-460D2766DF68} = {02EA681E-C7D8-13C7-8484-4AC65E1B71E8}
		{14BD83C7-6981-4FAF-9A4F-3221C2EC0A9A} = {3DA15FF3-3FE2-4E65-8502-688F453EFFB8}
		{278EBD6C-2F61-4C7D-9BCE-51CC0274AA41} = {3DA15FF3-3FE2-4E65-8502-688F453EFFB8}
		{E6B4716A-56A2-4127-B18B-86D81FDE04D1} = {3DA15FF3-3FE2-4E65-8502-688F453EFFB8}
		{19AE029A-3F4B-4055-8268-02FC546D5103} = {3DA15FF3-3FE2-4E65-8502-688F453EFFB8}
		{A04500EA-6776-4DF5-9DD5-1B2DB5BCCDD5} = {3DA15FF3-3FE2-4E65-8502-688F453EFFB8}
		{53D8E105-09D3-4B6F-83ED-7566E0D24319} = {DE6F1039-05FA-4F6D-9E9F-410FBB9E9FA4}
		{F0779DCA-29B4-4799-BF4F-8C5FEF2A9A9A} = {DE6F1039-05FA-4F6D-9E9F-410FBB9E9FA4}
		{C9A4748E-DAAD-41C7-AFF1-4057578CAE5B} = {DE6F1039-05FA-4F6D-9E9F-410FBB9E9FA4}
		{1B88D583-1F64-4365-A96C-DF19EA4BB026} = {DE6F1039-05FA-4F6D-9E9F-410FBB9E9FA4}
	EndGlobalSection
	GlobalSection(ExtensibilityGlobals) = postSolution
		SolutionGuid = {FE383E80-BB60-43A4-B81C-C49D4207248E}
	EndGlobalSection
EndGlobal
